
Microsoft Visual Studio Solution File, Format Version 12.00
# Visual Studio Version 16
VisualStudioVersion = 16.0.30413.136
MinimumVisualStudioVersion = 10.0.40219.1
Project("{FAE04EC0-301F-11D3-BF4B-00C04F79EFBC}") = "areaTriangulo", "areaTriangulo\areaTriangulo.csproj", "{5CACF031-C0C0-470A-88B6-2DDF23640553}"
EndProject
Global
	GlobalSection(SolutionConfigurationPlatforms) = preSolution
		Debug|Any CPU = Debug|Any CPU
		Release|Any CPU = Release|Any CPU
	EndGlobalSection
	GlobalSection(ProjectConfigurationPlatforms) = postSolution
		{5CACF031-C0C0-470A-88B6-2DDF23640553}.Debug|Any CPU.ActiveCfg = Debug|Any CPU
		{5CACF031-C0C0-470A-88B6-2DDF23640553}.Debug|Any CPU.Build.0 = Debug|Any CPU
		{5CACF031-C0C0-470A-88B6-2DDF23640553}.Release|Any CPU.ActiveCfg = Release|Any CPU
		{5CACF031-C0C0-470A-88B6-2DDF23640553}.Release|Any CPU.Build.0 = Release|Any CPU
	EndGlobalSection
	GlobalSection(SolutionProperties) = preSolution
		HideSolutionNode = FALSE
	EndGlobalSection
	GlobalSection(ExtensibilityGlobals) = postSolution
		SolutionGuid = {A41A7FC5-C571-4D68-85B1-A2B39F0A5CB3}
	EndGlobalSection
EndGlobal
